
Microsoft Visual Studio Solution File, Format Version 12.00
# Visual Studio Version 17
VisualStudioVersion = 17.5.002.0
MinimumVisualStudioVersion = 10.0.40219.1
Project("{9A19103F-16F7-4668-BE54-9A1E7A4F7556}") = "fShop", "fShop\fShop.csproj", "{6E7CDF98-5CE5-42D5-A4E8-C717A7D365C9}"
EndProject
Global
	GlobalSection(SolutionConfigurationPlatforms) = preSolution
		Debug|Any CPU = Debug|Any CPU
		Release|Any CPU = Release|Any CPU
	EndGlobalSection
	GlobalSection(ProjectConfigurationPlatforms) = postSolution
		{6E7CDF98-5CE5-42D5-A4E8-C717A7D365C9}.Debug|Any CPU.ActiveCfg = Debug|Any CPU
		{6E7CDF98-5CE5-42D5-A4E8-C717A7D365C9}.Debug|Any CPU.Build.0 = Debug|Any CPU
		{6E7CDF98-5CE5-42D5-A4E8-C717A7D365C9}.Release|Any CPU.ActiveCfg = Release|Any CPU
		{6E7CDF98-5CE5-42D5-A4E8-C717A7D365C9}.Release|Any CPU.Build.0 = Release|Any CPU
	EndGlobalSection
	GlobalSection(SolutionProperties) = preSolution
		HideSolutionNode = FALSE
	EndGlobalSection
	GlobalSection(ExtensibilityGlobals) = postSolution
		SolutionGuid = {F070F61D-AD9D-4F69-B54B-BECE38C6A839}
	EndGlobalSection
EndGlobal
